
Microsoft Visual Studio Solution File, Format Version 12.00
# Visual Studio Version 16
VisualStudioVersion = 16.0.30503.244
MinimumVisualStudioVersion = 10.0.40219.1
Project("{FAE04EC0-301F-11D3-BF4B-00C04F79EFBC}") = "AsyncParrallelSample", "AsyncParrallelSample.csproj", "{A96B319F-59AB-4D9E-8F93-D86B9F8BECAC}"
EndProject
Global
	GlobalSection(SolutionConfigurationPlatforms) = preSolution
		Debug|Any CPU = Debug|Any CPU
		Release|Any CPU = Release|Any CPU
	EndGlobalSection
	GlobalSection(ProjectConfigurationPlatforms) = postSolution
		{A96B319F-59AB-4D9E-8F93-D86B9F8BECAC}.Debug|Any CPU.ActiveCfg = Debug|Any CPU
		{A96B319F-59AB-4D9E-8F93-D86B9F8BECAC}.Debug|Any CPU.Build.0 = Debug|Any CPU
		{A96B319F-59AB-4D9E-8F93-D86B9F8BECAC}.Release|Any CPU.ActiveCfg = Release|Any CPU
		{A96B319F-59AB-4D9E-8F93-D86B9F8BECAC}.Release|Any CPU.Build.0 = Release|Any CPU
	EndGlobalSection
	GlobalSection(SolutionProperties) = preSolution
		HideSolutionNode = FALSE
	EndGlobalSection
	GlobalSection(ExtensibilityGlobals) = postSolution
		SolutionGuid = {72FC7B17-0853-45AB-8036-26B43D923B34}
	EndGlobalSection
EndGlobal
